
Microsoft Visual Studio Solution File, Format Version 12.00
Project("{F2A71F9B-5D33-465A-A702-920D77279786}") = "LearnFSharp", "LearnFSharp\LearnFSharp.fsproj", "{9F7204CD-9C59-4EAE-BF8D-85223917F7BA}"
EndProject
Global
	GlobalSection(SolutionConfigurationPlatforms) = preSolution
		Debug|Any CPU = Debug|Any CPU
		Release|Any CPU = Release|Any CPU
	EndGlobalSection
	GlobalSection(ProjectConfigurationPlatforms) = postSolution
		{9F7204CD-9C59-4EAE-BF8D-85223917F7BA}.Debug|Any CPU.ActiveCfg = Debug|Any CPU
		{9F7204CD-9C59-4EAE-BF8D-85223917F7BA}.Debug|Any CPU.Build.0 = Debug|Any CPU
		{9F7204CD-9C59-4EAE-BF8D-85223917F7BA}.Release|Any CPU.ActiveCfg = Release|Any CPU
		{9F7204CD-9C59-4EAE-BF8D-85223917F7BA}.Release|Any CPU.Build.0 = Release|Any CPU
	EndGlobalSection
EndGlobal
